
Microsoft Visual Studio Solution File, Format Version 12.00
# Visual Studio 14
VisualStudioVersion = 14.0.25123.0
MinimumVisualStudioVersion = 10.0.40219.1
Project("{61466AC2-A33C-46EB-A8AE-2C2F3B4B14C6}") = "Sitecore.Support.12832", "Sitecore.Support.12832\Sitecore.Support.12832.csproj", "{43196C6B-DF53-42FB-8269-7B242FDE9E63}"
EndProject
Global
	GlobalSection(SolutionConfigurationPlatforms) = preSolution
		Debug|Any CPU = Debug|Any CPU
		Release|Any CPU = Release|Any CPU
	EndGlobalSection
	GlobalSection(ProjectConfigurationPlatforms) = postSolution
		{43196C6B-DF53-42FB-8269-7B242FDE9E63}.Debug|Any CPU.ActiveCfg = Debug|Any CPU
		{43196C6B-DF53-42FB-8269-7B242FDE9E63}.Debug|Any CPU.Build.0 = Debug|Any CPU
		{43196C6B-DF53-42FB-8269-7B242FDE9E63}.Release|Any CPU.ActiveCfg = Release|Any CPU
		{43196C6B-DF53-42FB-8269-7B242FDE9E63}.Release|Any CPU.Build.0 = Release|Any CPU
	EndGlobalSection
	GlobalSection(SolutionProperties) = preSolution
		HideSolutionNode = FALSE
	EndGlobalSection
EndGlobal
